github.com/TIBCOSoftware/flogo-contrib v0.5.6 h1:V79AXtbQr5T7ePf7kZTbm6bZIWJzVj+OAZc6O6dulnc=
github.com/TIBCOSoftware/flogo-contrib v0.5.6/go.mod h1:gWcVjvpNFzoQy9puLgyJaLHzJaxqhkoJ8yctKTVX5K4=
github.com/TIBCOSoftware/flogo-lib v0.5.6 h1:DkwYmp+bgZpJu31EzGphgO6hb7rQH7idnEgC4FuyF24=
github.com/TIBCOSoftware/flogo-lib v0.5.6/go.mod h1:AE7tfFBvQNemM61frHCwTJYBWC9+iXohXyqrApe6xj4=
github.com/davecgh/go-spew v1.1.1 h1:vj9j/u1bqnvCEfJOwUhtlOARqs3+rkHYY13jYWTU97c=
github.com/davecgh/go-spew v1.1.1/go.mod h1:J7Y8YcW2NihsgmVo/mv3lAwl/skON4iLHjSsI+c5H38=
github.com/jbussdieker/golibxml v0.0.0-20140917070152-a643db2327cb h1:RaFqoTdAJ6bwcksinA8lYdW7dq5JvYglEVpGa0q/MfE=
github.com/jbussdieker/golibxml v0.0.0-20140917070152-a643db2327cb/go.mod h1:i2oUhX2OxuK3iMtUaGux93pSm+5ntPgTt5RWmC9JAIU=
github.com/konsorten/go-windows-terminal-sequences v0.0.0-20180402223658-b729f2633dfe/go.mod h1:T0+1ngSBFLxvqU3pZ+m/2kptfBszLMUkC4ZK/EgS/cQ=
github.com/krolaw/xsd v0.0.0-20181003005531-6e00d9d069d0 h1:TH05vbYIOcJLcbpJraPdL3CGBe536b5Cd8/V5jCxlQA=
github.com/krolaw/xsd v0.0.0-20181003005531-6e00d9d069d0/go.mod h1:lsisaKHqT9AeR4TEF7sKMUftSixpucFr1ndlUgPNCtk=
github.com/lestrrat/go-libxml2 v0.0.0-20180221004755-bb78334e2019 h1:en8rJ3VyEHu5PsxCAusCcUORe6l4tJ85jgs5eZgLxdU=
github.com/lestrrat/go-libxml2 v0.0.0-20180221004755-bb78334e2019/go.mod h1:tm9lPXmUGwXWyVBjwCB3mIN/uWM3PwZv68d7i932xvc=
github.com/pkg/errors v0.8.0 h1:WdK/asTD0HN+q6hsWO3/vpuAkAr+tw6aNJNDFFf0+qw=
github.com/pkg/errors v0.8.0/go.mod h1:bwawxfHBFNV+L2hUp1rHADufV3IMtnDRdf1r5NINEl0=
github.com/pmezard/go-difflib v1.0.0 h1:4DBwDE0NGyQoBHbLQYPwSUPoCMWR5BEzIk/f1lZbAQM=
github.com/pmezard/go-difflib v1.0.0/go.mod h1:iKH77koFhYxTK1pcRnkKkqfTogsbg7gZNVY4sRDYZ/4=
github.com/sirupsen/logrus v1.1.1 h1:VzGj7lhU7KEB9e9gMpAV/v5XT2NVSvLJhJLCWbnkgXg=
github.com/sirupsen/logrus v1.1.1/go.mod h1:zrgwTnHtNr00buQ1vSptGe8m1f/BbgsPukg8qsT7A+A=
github.com/stretchr/testify v1.2.2 h1:bSDNvY7ZPG5RlJ8otE/7V6gMiyenm9RtJ7IUVIAoJ1w=
github.com/stretchr/testify v1.2.2/go.mod h1:a8OnRcib4nhh0OaRAV+Yts87kKdq0PP7pXfy6kDkUVs=
github.com/xeipuuv/gojsonpointer v0.0.0-20180127040702-4e3ac2762d5f h1:J9EGpcZtP0E/raorCMxlFGSTBrsSlaDGf3jU/qvAE2c=
github.com/xeipuuv/gojsonpointer v0.0.0-20180127040702-4e3ac2762d5f/go.mod h1:N2zxlSyiKSe5eX1tZViRH5QA0qijqEDrYZiPEAiq3wU=
github.com/xeipuuv/gojsonreference v0.0.0-20180127040603-bd5ef7bd5415 h1:EzJWgHovont7NscjpAxXsDA8S8BMYve8Y5+7cuRE7R0=
github.com/xeipuuv/gojsonreference v0.0.0-20180127040603-bd5ef7bd5415/go.mod h1:GwrjFmJcFw6At/Gs6z4yjiIwzuJ1/+UwLxMQDVQXShQ=
github.com/xeipuuv/gojsonschema v0.0.0-20181006164115-f58b4a9e3d67 h1:DqWDmt584PpfRpzbKBEwbgD4j9kAgJb5uzUYze0C9QM=
github.com/xeipuuv/gojsonschema v0.0.0-20181006164115-f58b4a9e3d67/go.mod h1:5yf86TLmAcydyeJq5YvxkGPE2fm/u4myDekKRoLuqhs=
golang.org/x/crypto v0.0.0-20180904163835-0709b304e793 h1:u+LnwYTOOW7Ukr/fppxEb1Nwz0AtPflrblfvUudpo+I=
golang.org/x/crypto v0.0.0-20180904163835-0709b304e793/go.mod h1:6SG95UA2DQfeDnfUPMdvaQW0Q7yPrPDi9nlGo2tz2b4=
golang.org/x/sys v0.0.0-20180905080454-ebe1bf3edb33 h1:I6FyU15t786LL7oL/hn43zqTuEGr4PN7F4XJ1p4E3Y8=
golang.org/x/sys v0.0.0-20180905080454-ebe1bf3edb33/go.mod h1:STP8DvDyc/dI5b8T5hshtkjS+E42TnysNCUPdjciGhY=
